
Microsoft Visual Studio Solution File, Format Version 12.00
# Visual Studio 15
VisualStudioVersion = 15.0.27019.1
MinimumVisualStudioVersion = 10.0.40219.1
Project("{FAE04EC0-301F-11D3-BF4B-00C04F79EFBC}") = "myNote.Model", "myNote.Model\myNote.Model.csproj", "{CEB47C4A-30DB-4EC6-84AD-E07E8AD00514}"
EndProject
Project("{FAE04EC0-301F-11D3-BF4B-00C04F79EFBC}") = "myNote.DataLayer", "myNote.DataLayer\myNote.DataLayer.csproj", "{B319740D-131D-4A9B-9852-2A802907598E}"
EndProject
Project("{FAE04EC0-301F-11D3-BF4B-00C04F79EFBC}") = "myNote.DataLayer.Sql", "myNote.DataLayer.Sql\myNote.DataLayer.Sql.csproj", "{58FD7308-A1C1-4C0E-90F5-C9808943DE57}"
EndProject
Project("{FAE04EC0-301F-11D3-BF4B-00C04F79EFBC}") = "myNote.DataLayer.Sql.Test", "myNote.DataLayer.Sql.Test\myNote.DataLayer.Sql.Test.csproj", "{E0187999-E4E5-492A-B566-DCADA2048DC7}"
EndProject
Project("{FAE04EC0-301F-11D3-BF4B-00C04F79EFBC}") = "myNote.Api", "myNote.Api\myNote.Api.csproj", "{DC2E1A68-38EB-4F18-96BB-C923BB51E77C}"
EndProject
Project("{FAE04EC0-301F-11D3-BF4B-00C04F79EFBC}") = "myNote.Logger", "myNote.Logger\myNote.Logger.csproj", "{1B049C4A-A0DC-4C3B-9701-5CF82F095FFB}"
EndProject
Project("{FAE04EC0-301F-11D3-BF4B-00C04F79EFBC}") = "myNote.WPFClient", "myNote.WPFClient\myNote.WPFClient.csproj", "{6DF87D78-3F0B-47FD-BBC5-18EDFA806E90}"
EndProject
Project("{FAE04EC0-301F-11D3-BF4B-00C04F79EFBC}") = "myNote.WPFClient.Test", "myNote.WPFClient.Test\myNote.WPFClient.Test.csproj", "{8E1E9701-AEA1-43C3-BC48-25D7B5833501}"
EndProject
Global
	GlobalSection(SolutionConfigurationPlatforms) = preSolution
		Debug|Any CPU = Debug|Any CPU
		Release|Any CPU = Release|Any CPU
	EndGlobalSection
	GlobalSection(ProjectConfigurationPlatforms) = postSolution
		{CEB47C4A-30DB-4EC6-84AD-E07E8AD00514}.Debug|Any CPU.ActiveCfg = Debug|Any CPU
		{CEB47C4A-30DB-4EC6-84AD-E07E8AD00514}.Debug|Any CPU.Build.0 = Debug|Any CPU
		{CEB47C4A-30DB-4EC6-84AD-E07E8AD00514}.Release|Any CPU.ActiveCfg = Release|Any CPU
		{CEB47C4A-30DB-4EC6-84AD-E07E8AD00514}.Release|Any CPU.Build.0 = Release|Any CPU
		{B319740D-131D-4A9B-9852-2A802907598E}.Debug|Any CPU.ActiveCfg = Debug|Any CPU
		{B319740D-131D-4A9B-9852-2A802907598E}.Debug|Any CPU.Build.0 = Debug|Any CPU
		{B319740D-131D-4A9B-9852-2A802907598E}.Release|Any CPU.ActiveCfg = Release|Any CPU
		{B319740D-131D-4A9B-9852-2A802907598E}.Release|Any CPU.Build.0 = Release|Any CPU
		{58FD7308-A1C1-4C0E-90F5-C9808943DE57}.Debug|Any CPU.ActiveCfg = Debug|Any CPU
		{58FD7308-A1C1-4C0E-90F5-C9808943DE57}.Debug|Any CPU.Build.0 = Debug|Any CPU
		{58FD7308-A1C1-4C0E-90F5-C9808943DE57}.Release|Any CPU.ActiveCfg = Release|Any CPU
		{58FD7308-A1C1-4C0E-90F5-C9808943DE57}.Release|Any CPU.Build.0 = Release|Any CPU
		{E0187999-E4E5-492A-B566-DCADA2048DC7}.Debug|Any CPU.ActiveCfg = Debug|Any CPU
		{E0187999-E4E5-492A-B566-DCADA2048DC7}.Debug|Any CPU.Build.0 = Debug|Any CPU
		{E0187999-E4E5-492A-B566-DCADA2048DC7}.Release|Any CPU.ActiveCfg = Release|Any CPU
		{E0187999-E4E5-492A-B566-DCADA2048DC7}.Release|Any CPU.Build.0 = Release|Any CPU
		{DC2E1A68-38EB-4F18-96BB-C923BB51E77C}.Debug|Any CPU.ActiveCfg = Debug|Any CPU
		{DC2E1A68-38EB-4F18-96BB-C923BB51E77C}.Debug|Any CPU.Build.0 = Debug|Any CPU
		{DC2E1A68-38EB-4F18-96BB-C923BB51E77C}.Release|Any CPU.ActiveCfg = Release|Any CPU
		{DC2E1A68-38EB-4F18-96BB-C923BB51E77C}.Release|Any CPU.Build.0 = Release|Any CPU
		{1B049C4A-A0DC-4C3B-9701-5CF82F095FFB}.Debug|Any CPU.ActiveCfg = Debug|Any CPU
		{1B049C4A-A0DC-4C3B-9701-5CF82F095FFB}.Debug|Any CPU.Build.0 = Debug|Any CPU
		{1B049C4A-A0DC-4C3B-9701-5CF82F095FFB}.Release|Any CPU.ActiveCfg = Release|Any CPU
		{1B049C4A-A0DC-4C3B-9701-5CF82F095FFB}.Release|Any CPU.Build.0 = Release|Any CPU
		{6DF87D78-3F0B-47FD-BBC5-18EDFA806E90}.Debug|Any CPU.ActiveCfg = Debug|Any CPU
		{6DF87D78-3F0B-47FD-BBC5-18EDFA806E90}.Debug|Any CPU.Build.0 = Debug|Any CPU
		{6DF87D78-3F0B-47FD-BBC5-18EDFA806E90}.Release|Any CPU.ActiveCfg = Release|Any CPU
		{6DF87D78-3F0B-47FD-BBC5-18EDFA806E90}.Release|Any CPU.Build.0 = Release|Any CPU
		{8E1E9701-AEA1-43C3-BC48-25D7B5833501}.Debug|Any CPU.ActiveCfg = Debug|Any CPU
		{8E1E9701-AEA1-43C3-BC48-25D7B5833501}.Debug|Any CPU.Build.0 = Debug|Any CPU
		{8E1E9701-AEA1-43C3-BC48-25D7B5833501}.Release|Any CPU.ActiveCfg = Release|Any CPU
		{8E1E9701-AEA1-43C3-BC48-25D7B5833501}.Release|Any CPU.Build.0 = Release|Any CPU
	EndGlobalSection
	GlobalSection(SolutionProperties) = preSolution
		HideSolutionNode = FALSE
	EndGlobalSection
	GlobalSection(ExtensibilityGlobals) = postSolution
		SolutionGuid = {05306F13-DC9B-4FB2-962E-5A4DEF00A696}
	EndGlobalSection
EndGlobal
